
Microsoft Visual Studio Solution File, Format Version 12.00
# Visual Studio Version 16
VisualStudioVersion = 16.0.29411.108
MinimumVisualStudioVersion = 10.0.40219.1
Project("{FAE04EC0-301F-11D3-BF4B-00C04F79EFBC}") = "DAL", "DAL\DAL.csproj", "{491714DE-10C1-4986-AE97-F205C33812B6}"
EndProject
Project("{FAE04EC0-301F-11D3-BF4B-00C04F79EFBC}") = "BaseballApp", "BaseballApp\BaseballApp.csproj", "{1AB956E1-2877-40FB-9C66-360D9B5DA484}"
EndProject
Global
	GlobalSection(SolutionConfigurationPlatforms) = preSolution
		Debug|Any CPU = Debug|Any CPU
		Release|Any CPU = Release|Any CPU
	EndGlobalSection
	GlobalSection(ProjectConfigurationPlatforms) = postSolution
		{491714DE-10C1-4986-AE97-F205C33812B6}.Debug|Any CPU.ActiveCfg = Debug|Any CPU
		{491714DE-10C1-4986-AE97-F205C33812B6}.Debug|Any CPU.Build.0 = Debug|Any CPU
		{491714DE-10C1-4986-AE97-F205C33812B6}.Release|Any CPU.ActiveCfg = Release|Any CPU
		{491714DE-10C1-4986-AE97-F205C33812B6}.Release|Any CPU.Build.0 = Release|Any CPU
		{1AB956E1-2877-40FB-9C66-360D9B5DA484}.Debug|Any CPU.ActiveCfg = Debug|Any CPU
		{1AB956E1-2877-40FB-9C66-360D9B5DA484}.Debug|Any CPU.Build.0 = Debug|Any CPU
		{1AB956E1-2877-40FB-9C66-360D9B5DA484}.Release|Any CPU.ActiveCfg = Release|Any CPU
		{1AB956E1-2877-40FB-9C66-360D9B5DA484}.Release|Any CPU.Build.0 = Release|Any CPU
	EndGlobalSection
	GlobalSection(SolutionProperties) = preSolution
		HideSolutionNode = FALSE
	EndGlobalSection
	GlobalSection(ExtensibilityGlobals) = postSolution
		SolutionGuid = {E1A0F850-FFAE-4578-9F36-FB71A22D040F}
	EndGlobalSection
EndGlobal
